# This file is automatically @generated by Cargo.
# It is not intended for manual editing.
version = 3

[[package]]
name = "cty"
version = "0.2.2"
source = "registry+https://github.com/rust-lang/crates.io-index"
checksum = "b365fabc795046672053e29c954733ec3b05e4be654ab130fe8f1f94d7051f35"

[[package]]
name = "heatshrink_byte"
version = "0.1.0"
source = "git+https://github.com/mean00/heatshrink#ae217dbeaaac0d840850125b5fe9aa606cf07ba9"

[[package]]
name = "ili9341"
version = "0.1.0"
dependencies = [
 "cty",
 "heatshrink_byte",
]
